
Microsoft Visual Studio Solution File, Format Version 12.00
# Visual Studio Version 17
VisualStudioVersion = 17.2.32519.379
MinimumVisualStudioVersion = 10.0.40219.1
Project("{9A19103F-16F7-4668-BE54-9A1E7A4F7556}") = "ServerLauncher", "ServerLauncher\ServerLauncher.csproj", "{29DF6465-6AD6-40C8-85AB-3CF9A18E9EAB}"
EndProject
Project("{9A19103F-16F7-4668-BE54-9A1E7A4F7556}") = "Session", "Session\Session.csproj", "{951D9A0C-FF6B-412D-BFAC-9858C485C76E}"
EndProject
Project("{9A19103F-16F7-4668-BE54-9A1E7A4F7556}") = "Common", "Common\Common.csproj", "{82085D6E-1942-4151-9936-857BC9C03AFA}"
EndProject
Project("{9A19103F-16F7-4668-BE54-9A1E7A4F7556}") = "BackOffice", "BackOffice\BackOffice.csproj", "{A31E3AAE-7769-4802-A4D3-392E6E2923A1}"
EndProject
Project("{9A19103F-16F7-4668-BE54-9A1E7A4F7556}") = "DB", "DB\DB.csproj", "{23BECBF4-8868-4399-AB5A-F1316C246A5E}"
EndProject
Project("{9A19103F-16F7-4668-BE54-9A1E7A4F7556}") = "Account", "Account\Account.csproj", "{2C82EFAA-1B89-4B35-9DAF-8B92F3406BC1}"
EndProject
Project("{9A19103F-16F7-4668-BE54-9A1E7A4F7556}") = "GameWorldManager", "GameWorld\GameWorldManager.csproj", "{2756B430-381B-4B1A-B253-7CD1ACAFF3A6}"
EndProject
Project("{9A19103F-16F7-4668-BE54-9A1E7A4F7556}") = "Monitoring", "Monitoring\Monitoring.csproj", "{D16BEA56-08FB-4006-97E4-724157AE54F3}"
EndProject
Project("{9A19103F-16F7-4668-BE54-9A1E7A4F7556}") = "Chat", "Chat\Chat.csproj", "{D67D6DF3-B96E-452C-A487-CDC7661F85E0}"
EndProject
Project("{9A19103F-16F7-4668-BE54-9A1E7A4F7556}") = "Inventory", "Inventory\Inventory.csproj", "{6F56F761-FEBA-4EF1-AACA-0DD400E83089}"
EndProject
Project("{9A19103F-16F7-4668-BE54-9A1E7A4F7556}") = "Player", "Player\Player.csproj", "{9463A105-3E00-4975-88F0-20C7074721A2}"
EndProject
Project("{9A19103F-16F7-4668-BE54-9A1E7A4F7556}") = "Redis", "Redis\Redis.csproj", "{1594A60A-7C0C-4A1A-88F9-5FB0196DF0EC}"
EndProject
Project("{FAE04EC0-301F-11D3-BF4B-00C04F79EFBC}") = "GameWorld", "WorldManager\GameWorld.csproj", "{99A16FE2-3A5A-46AC-AE05-161EAD88C5AD}"
EndProject
Global
	GlobalSection(SolutionConfigurationPlatforms) = preSolution
		Debug|Any CPU = Debug|Any CPU
		Release|Any CPU = Release|Any CPU
	EndGlobalSection
	GlobalSection(ProjectConfigurationPlatforms) = postSolution
		{29DF6465-6AD6-40C8-85AB-3CF9A18E9EAB}.Debug|Any CPU.ActiveCfg = Debug|Any CPU
		{29DF6465-6AD6-40C8-85AB-3CF9A18E9EAB}.Debug|Any CPU.Build.0 = Debug|Any CPU
		{29DF6465-6AD6-40C8-85AB-3CF9A18E9EAB}.Release|Any CPU.ActiveCfg = Release|Any CPU
		{29DF6465-6AD6-40C8-85AB-3CF9A18E9EAB}.Release|Any CPU.Build.0 = Release|Any CPU
		{951D9A0C-FF6B-412D-BFAC-9858C485C76E}.Debug|Any CPU.ActiveCfg = Debug|Any CPU
		{951D9A0C-FF6B-412D-BFAC-9858C485C76E}.Debug|Any CPU.Build.0 = Debug|Any CPU
		{951D9A0C-FF6B-412D-BFAC-9858C485C76E}.Release|Any CPU.ActiveCfg = Release|Any CPU
		{951D9A0C-FF6B-412D-BFAC-9858C485C76E}.Release|Any CPU.Build.0 = Release|Any CPU
		{82085D6E-1942-4151-9936-857BC9C03AFA}.Debug|Any CPU.ActiveCfg = Debug|Any CPU
		{82085D6E-1942-4151-9936-857BC9C03AFA}.Debug|Any CPU.Build.0 = Debug|Any CPU
		{82085D6E-1942-4151-9936-857BC9C03AFA}.Release|Any CPU.ActiveCfg = Release|Any CPU
		{82085D6E-1942-4151-9936-857BC9C03AFA}.Release|Any CPU.Build.0 = Release|Any CPU
		{A31E3AAE-7769-4802-A4D3-392E6E2923A1}.Debug|Any CPU.ActiveCfg = Debug|Any CPU
		{A31E3AAE-7769-4802-A4D3-392E6E2923A1}.Debug|Any CPU.Build.0 = Debug|Any CPU
		{A31E3AAE-7769-4802-A4D3-392E6E2923A1}.Release|Any CPU.ActiveCfg = Release|Any CPU
		{A31E3AAE-7769-4802-A4D3-392E6E2923A1}.Release|Any CPU.Build.0 = Release|Any CPU
		{23BECBF4-8868-4399-AB5A-F1316C246A5E}.Debug|Any CPU.ActiveCfg = Debug|Any CPU
		{23BECBF4-8868-4399-AB5A-F1316C246A5E}.Debug|Any CPU.Build.0 = Debug|Any CPU
		{23BECBF4-8868-4399-AB5A-F1316C246A5E}.Release|Any CPU.ActiveCfg = Release|Any CPU
		{23BECBF4-8868-4399-AB5A-F1316C246A5E}.Release|Any CPU.Build.0 = Release|Any CPU
		{2C82EFAA-1B89-4B35-9DAF-8B92F3406BC1}.Debug|Any CPU.ActiveCfg = Debug|Any CPU
		{2C82EFAA-1B89-4B35-9DAF-8B92F3406BC1}.Debug|Any CPU.Build.0 = Debug|Any CPU
		{2C82EFAA-1B89-4B35-9DAF-8B92F3406BC1}.Release|Any CPU.ActiveCfg = Release|Any CPU
		{2C82EFAA-1B89-4B35-9DAF-8B92F3406BC1}.Release|Any CPU.Build.0 = Release|Any CPU
		{2756B430-381B-4B1A-B253-7CD1ACAFF3A6}.Debug|Any CPU.ActiveCfg = Debug|Any CPU
		{2756B430-381B-4B1A-B253-7CD1ACAFF3A6}.Debug|Any CPU.Build.0 = Debug|Any CPU
		{2756B430-381B-4B1A-B253-7CD1ACAFF3A6}.Release|Any CPU.ActiveCfg = Release|Any CPU
		{2756B430-381B-4B1A-B253-7CD1ACAFF3A6}.Release|Any CPU.Build.0 = Release|Any CPU
		{D16BEA56-08FB-4006-97E4-724157AE54F3}.Debug|Any CPU.ActiveCfg = Debug|Any CPU
		{D16BEA56-08FB-4006-97E4-724157AE54F3}.Debug|Any CPU.Build.0 = Debug|Any CPU
		{D16BEA56-08FB-4006-97E4-724157AE54F3}.Release|Any CPU.ActiveCfg = Release|Any CPU
		{D16BEA56-08FB-4006-97E4-724157AE54F3}.Release|Any CPU.Build.0 = Release|Any CPU
		{D67D6DF3-B96E-452C-A487-CDC7661F85E0}.Debug|Any CPU.ActiveCfg = Debug|Any CPU
		{D67D6DF3-B96E-452C-A487-CDC7661F85E0}.Debug|Any CPU.Build.0 = Debug|Any CPU
		{D67D6DF3-B96E-452C-A487-CDC7661F85E0}.Release|Any CPU.ActiveCfg = Release|Any CPU
		{D67D6DF3-B96E-452C-A487-CDC7661F85E0}.Release|Any CPU.Build.0 = Release|Any CPU
		{6F56F761-FEBA-4EF1-AACA-0DD400E83089}.Debug|Any CPU.ActiveCfg = Debug|Any CPU
		{6F56F761-FEBA-4EF1-AACA-0DD400E83089}.Debug|Any CPU.Build.0 = Debug|Any CPU
		{6F56F761-FEBA-4EF1-AACA-0DD400E83089}.Release|Any CPU.ActiveCfg = Release|Any CPU
		{6F56F761-FEBA-4EF1-AACA-0DD400E83089}.Release|Any CPU.Build.0 = Release|Any CPU
		{9463A105-3E00-4975-88F0-20C7074721A2}.Debug|Any CPU.ActiveCfg = Debug|Any CPU
		{9463A105-3E00-4975-88F0-20C7074721A2}.Debug|Any CPU.Build.0 = Debug|Any CPU
		{9463A105-3E00-4975-88F0-20C7074721A2}.Release|Any CPU.ActiveCfg = Release|Any CPU
		{9463A105-3E00-4975-88F0-20C7074721A2}.Release|Any CPU.Build.0 = Release|Any CPU
		{1594A60A-7C0C-4A1A-88F9-5FB0196DF0EC}.Debug|Any CPU.ActiveCfg = Debug|Any CPU
		{1594A60A-7C0C-4A1A-88F9-5FB0196DF0EC}.Debug|Any CPU.Build.0 = Debug|Any CPU
		{1594A60A-7C0C-4A1A-88F9-5FB0196DF0EC}.Release|Any CPU.ActiveCfg = Release|Any CPU
		{1594A60A-7C0C-4A1A-88F9-5FB0196DF0EC}.Release|Any CPU.Build.0 = Release|Any CPU
		{99A16FE2-3A5A-46AC-AE05-161EAD88C5AD}.Debug|Any CPU.ActiveCfg = Debug|Any CPU
		{99A16FE2-3A5A-46AC-AE05-161EAD88C5AD}.Debug|Any CPU.Build.0 = Debug|Any CPU
		{99A16FE2-3A5A-46AC-AE05-161EAD88C5AD}.Release|Any CPU.ActiveCfg = Release|Any CPU
		{99A16FE2-3A5A-46AC-AE05-161EAD88C5AD}.Release|Any CPU.Build.0 = Release|Any CPU
	EndGlobalSection
	GlobalSection(SolutionProperties) = preSolution
		HideSolutionNode = FALSE
	EndGlobalSection
	GlobalSection(ExtensibilityGlobals) = postSolution
		SolutionGuid = {89083367-345B-4416-9FFD-DAC9F80665C2}
	EndGlobalSection
EndGlobal
